
Microsoft Visual Studio Solution File, Format Version 12.00
# Visual Studio 15
Project("{FAE04EC0-301F-11D3-BF4B-00C04F79EFBC}") = "AstarPathfindingProject", "AstarPathfindingProject.csproj", "{75E910F6-E8A8-11DB-E825-6867A2930C5C}"
EndProject
Project("{FAE04EC0-301F-11D3-BF4B-00C04F79EFBC}") = "Assembly-CSharp", "Assembly-CSharp.csproj", "{2B8D0281-C956-598C-651B-C52FB3F03547}"
EndProject
Project("{FAE04EC0-301F-11D3-BF4B-00C04F79EFBC}") = "AstarPathfindingProjectEditor", "AstarPathfindingProjectEditor.csproj", "{3AA2C6E5-91AF-129C-5BA9-AC6D7316E260}"
EndProject
Project("{FAE04EC0-301F-11D3-BF4B-00C04F79EFBC}") = "PackageToolsEditor", "PackageToolsEditor.csproj", "{4D77C82F-F9B5-ED07-7653-56EA250DE173}"
EndProject
Global
	GlobalSection(SolutionConfigurationPlatforms) = preSolution
		Debug|Any CPU = Debug|Any CPU
		Release|Any CPU = Release|Any CPU
	EndGlobalSection
	GlobalSection(ProjectConfigurationPlatforms) = postSolution
		{75E910F6-E8A8-11DB-E825-6867A2930C5C}.Debug|Any CPU.ActiveCfg = Debug|Any CPU
		{75E910F6-E8A8-11DB-E825-6867A2930C5C}.Debug|Any CPU.Build.0 = Debug|Any CPU
		{75E910F6-E8A8-11DB-E825-6867A2930C5C}.Release|Any CPU.ActiveCfg = Release|Any CPU
		{75E910F6-E8A8-11DB-E825-6867A2930C5C}.Release|Any CPU.Build.0 = Release|Any CPU
		{2B8D0281-C956-598C-651B-C52FB3F03547}.Debug|Any CPU.ActiveCfg = Debug|Any CPU
		{2B8D0281-C956-598C-651B-C52FB3F03547}.Debug|Any CPU.Build.0 = Debug|Any CPU
		{2B8D0281-C956-598C-651B-C52FB3F03547}.Release|Any CPU.ActiveCfg = Release|Any CPU
		{2B8D0281-C956-598C-651B-C52FB3F03547}.Release|Any CPU.Build.0 = Release|Any CPU
		{3AA2C6E5-91AF-129C-5BA9-AC6D7316E260}.Debug|Any CPU.ActiveCfg = Debug|Any CPU
		{3AA2C6E5-91AF-129C-5BA9-AC6D7316E260}.Debug|Any CPU.Build.0 = Debug|Any CPU
		{3AA2C6E5-91AF-129C-5BA9-AC6D7316E260}.Release|Any CPU.ActiveCfg = Release|Any CPU
		{3AA2C6E5-91AF-129C-5BA9-AC6D7316E260}.Release|Any CPU.Build.0 = Release|Any CPU
		{4D77C82F-F9B5-ED07-7653-56EA250DE173}.Debug|Any CPU.ActiveCfg = Debug|Any CPU
		{4D77C82F-F9B5-ED07-7653-56EA250DE173}.Debug|Any CPU.Build.0 = Debug|Any CPU
		{4D77C82F-F9B5-ED07-7653-56EA250DE173}.Release|Any CPU.ActiveCfg = Release|Any CPU
		{4D77C82F-F9B5-ED07-7653-56EA250DE173}.Release|Any CPU.Build.0 = Release|Any CPU
	EndGlobalSection
	GlobalSection(SolutionProperties) = preSolution
		HideSolutionNode = FALSE
	EndGlobalSection
EndGlobal
